
Microsoft Visual Studio Solution File, Format Version 12.00
# Visual Studio 16
Project("{FAE04EC0-301F-11D3-BF4B-00C04F79EFBC}") = "Assembly-CSharp", "Assembly-CSharp.csproj", "{9152FF38-BCA5-6570-561E-0C557AC0BC32}"
EndProject
Project("{FAE04EC0-301F-11D3-BF4B-00C04F79EFBC}") = "Assembly-CSharp-firstpass", "Assembly-CSharp-firstpass.csproj", "{5D3C5108-2835-EF89-F10D-4C36521B7F5B}"
EndProject
Project("{FAE04EC0-301F-11D3-BF4B-00C04F79EFBC}") = "Assembly-CSharp-Editor-firstpass", "Assembly-CSharp-Editor-firstpass.csproj", "{51E8B6C3-00FB-6B0E-F1F4-CFF742A744B8}"
EndProject
Global
	GlobalSection(SolutionConfigurationPlatforms) = preSolution
		Debug|Any CPU = Debug|Any CPU
		Release|Any CPU = Release|Any CPU
	EndGlobalSection
	GlobalSection(ProjectConfigurationPlatforms) = postSolution
		{9152FF38-BCA5-6570-561E-0C557AC0BC32}.Debug|Any CPU.ActiveCfg = Debug|Any CPU
		{9152FF38-BCA5-6570-561E-0C557AC0BC32}.Debug|Any CPU.Build.0 = Debug|Any CPU
		{9152FF38-BCA5-6570-561E-0C557AC0BC32}.Release|Any CPU.ActiveCfg = Release|Any CPU
		{9152FF38-BCA5-6570-561E-0C557AC0BC32}.Release|Any CPU.Build.0 = Release|Any CPU
		{5D3C5108-2835-EF89-F10D-4C36521B7F5B}.Debug|Any CPU.ActiveCfg = Debug|Any CPU
		{5D3C5108-2835-EF89-F10D-4C36521B7F5B}.Debug|Any CPU.Build.0 = Debug|Any CPU
		{5D3C5108-2835-EF89-F10D-4C36521B7F5B}.Release|Any CPU.ActiveCfg = Release|Any CPU
		{5D3C5108-2835-EF89-F10D-4C36521B7F5B}.Release|Any CPU.Build.0 = Release|Any CPU
		{51E8B6C3-00FB-6B0E-F1F4-CFF742A744B8}.Debug|Any CPU.ActiveCfg = Debug|Any CPU
		{51E8B6C3-00FB-6B0E-F1F4-CFF742A744B8}.Debug|Any CPU.Build.0 = Debug|Any CPU
		{51E8B6C3-00FB-6B0E-F1F4-CFF742A744B8}.Release|Any CPU.ActiveCfg = Release|Any CPU
		{51E8B6C3-00FB-6B0E-F1F4-CFF742A744B8}.Release|Any CPU.Build.0 = Release|Any CPU
	EndGlobalSection
	GlobalSection(SolutionProperties) = preSolution
		HideSolutionNode = FALSE
	EndGlobalSection
EndGlobal
